
Microsoft Visual Studio Solution File, Format Version 12.00
Project("{FAE04EC0-301F-11D3-BF4B-00C04F79EFBC}") = "HelloWorld", "HelloWorld\HelloWorld.csproj", "{8DDB7693-5B3D-439C-8365-1A7DC7BED7FA}"
EndProject
Project("{FAE04EC0-301F-11D3-BF4B-00C04F79EFBC}") = "Guess99Test", "Guess99Test\Guess99Test.csproj", "{8A812A3D-7305-495F-B182-AAE1BCA9BEBA}"
EndProject
Project("{FAE04EC0-301F-11D3-BF4B-00C04F79EFBC}") = "OOPGameTest", "OOPGameTest\OOPGameTest.csproj", "{D8FF315A-7698-4AED-8C5F-6628D17417EF}"
EndProject
Project("{FAE04EC0-301F-11D3-BF4B-00C04F79EFBC}") = "SQLiteArticleManager", "SQLiteArticleManager\SQLiteArticleManager.csproj", "{6F4C02F4-D9EB-4A69-8A10-665B642E43BF}"
EndProject
Project("{FAE04EC0-301F-11D3-BF4B-00C04F79EFBC}") = "CurrencyRatesFromAPI", "CurrencyRatesFromAPI\CurrencyRatesFromAPI.csproj", "{0224A1F6-D186-4154-9FD7-346E53F69E87}"
EndProject
Project("{FAE04EC0-301F-11D3-BF4B-00C04F79EFBC}") = "GitLabIssuesClient", "GitLabIssuesClient\GitLabIssuesClient.csproj", "{34E062F3-7051-478E-95A6-4307681521E5}"
EndProject
Global
	GlobalSection(SolutionConfigurationPlatforms) = preSolution
		Debug|Any CPU = Debug|Any CPU
		Release|Any CPU = Release|Any CPU
	EndGlobalSection
	GlobalSection(ProjectConfigurationPlatforms) = postSolution
		{8DDB7693-5B3D-439C-8365-1A7DC7BED7FA}.Debug|Any CPU.ActiveCfg = Debug|Any CPU
		{8DDB7693-5B3D-439C-8365-1A7DC7BED7FA}.Debug|Any CPU.Build.0 = Debug|Any CPU
		{8DDB7693-5B3D-439C-8365-1A7DC7BED7FA}.Release|Any CPU.ActiveCfg = Release|Any CPU
		{8DDB7693-5B3D-439C-8365-1A7DC7BED7FA}.Release|Any CPU.Build.0 = Release|Any CPU
		{8A812A3D-7305-495F-B182-AAE1BCA9BEBA}.Debug|Any CPU.ActiveCfg = Debug|Any CPU
		{8A812A3D-7305-495F-B182-AAE1BCA9BEBA}.Debug|Any CPU.Build.0 = Debug|Any CPU
		{8A812A3D-7305-495F-B182-AAE1BCA9BEBA}.Release|Any CPU.ActiveCfg = Release|Any CPU
		{8A812A3D-7305-495F-B182-AAE1BCA9BEBA}.Release|Any CPU.Build.0 = Release|Any CPU
		{D8FF315A-7698-4AED-8C5F-6628D17417EF}.Debug|Any CPU.ActiveCfg = Debug|Any CPU
		{D8FF315A-7698-4AED-8C5F-6628D17417EF}.Debug|Any CPU.Build.0 = Debug|Any CPU
		{D8FF315A-7698-4AED-8C5F-6628D17417EF}.Release|Any CPU.ActiveCfg = Release|Any CPU
		{D8FF315A-7698-4AED-8C5F-6628D17417EF}.Release|Any CPU.Build.0 = Release|Any CPU
		{6F4C02F4-D9EB-4A69-8A10-665B642E43BF}.Debug|Any CPU.ActiveCfg = Debug|Any CPU
		{6F4C02F4-D9EB-4A69-8A10-665B642E43BF}.Debug|Any CPU.Build.0 = Debug|Any CPU
		{6F4C02F4-D9EB-4A69-8A10-665B642E43BF}.Release|Any CPU.ActiveCfg = Release|Any CPU
		{6F4C02F4-D9EB-4A69-8A10-665B642E43BF}.Release|Any CPU.Build.0 = Release|Any CPU
		{0224A1F6-D186-4154-9FD7-346E53F69E87}.Debug|Any CPU.ActiveCfg = Debug|Any CPU
		{0224A1F6-D186-4154-9FD7-346E53F69E87}.Debug|Any CPU.Build.0 = Debug|Any CPU
		{0224A1F6-D186-4154-9FD7-346E53F69E87}.Release|Any CPU.ActiveCfg = Release|Any CPU
		{0224A1F6-D186-4154-9FD7-346E53F69E87}.Release|Any CPU.Build.0 = Release|Any CPU
		{34E062F3-7051-478E-95A6-4307681521E5}.Debug|Any CPU.ActiveCfg = Debug|Any CPU
		{34E062F3-7051-478E-95A6-4307681521E5}.Debug|Any CPU.Build.0 = Debug|Any CPU
		{34E062F3-7051-478E-95A6-4307681521E5}.Release|Any CPU.ActiveCfg = Release|Any CPU
		{34E062F3-7051-478E-95A6-4307681521E5}.Release|Any CPU.Build.0 = Release|Any CPU
	EndGlobalSection
EndGlobal
